
Microsoft Visual Studio Solution File, Format Version 12.00
# Visual Studio Version 16
VisualStudioVersion = 16.0.31205.134
MinimumVisualStudioVersion = 10.0.40219.1
Project("{8BC9CEB8-8B4A-11D0-8D11-00A0C91BC942}") = "Graf", "Graf\Graf.vcxproj", "{AC53377E-6C9C-4B58-A7BA-749B0E0B046B}"
EndProject
Global
	GlobalSection(SolutionConfigurationPlatforms) = preSolution
		Debug|x64 = Debug|x64
		Debug|x86 = Debug|x86
		Release|x64 = Release|x64
		Release|x86 = Release|x86
	EndGlobalSection
	GlobalSection(ProjectConfigurationPlatforms) = postSolution
		{AC53377E-6C9C-4B58-A7BA-749B0E0B046B}.Debug|x64.ActiveCfg = Debug|x64
		{AC53377E-6C9C-4B58-A7BA-749B0E0B046B}.Debug|x64.Build.0 = Debug|x64
		{AC53377E-6C9C-4B58-A7BA-749B0E0B046B}.Debug|x86.ActiveCfg = Debug|Win32
		{AC53377E-6C9C-4B58-A7BA-749B0E0B046B}.Debug|x86.Build.0 = Debug|Win32
		{AC53377E-6C9C-4B58-A7BA-749B0E0B046B}.Release|x64.ActiveCfg = Release|x64
		{AC53377E-6C9C-4B58-A7BA-749B0E0B046B}.Release|x64.Build.0 = Release|x64
		{AC53377E-6C9C-4B58-A7BA-749B0E0B046B}.Release|x86.ActiveCfg = Release|Win32
		{AC53377E-6C9C-4B58-A7BA-749B0E0B046B}.Release|x86.Build.0 = Release|Win32
	EndGlobalSection
	GlobalSection(SolutionProperties) = preSolution
		HideSolutionNode = FALSE
	EndGlobalSection
	GlobalSection(ExtensibilityGlobals) = postSolution
		SolutionGuid = {9874CA57-137F-42D8-8E14-C2BD0FDE7FF8}
	EndGlobalSection
EndGlobal
